
Microsoft Visual Studio Solution File, Format Version 12.00
# Visual Studio 14
VisualStudioVersion = 14.0.25420.1
MinimumVisualStudioVersion = 10.0.40219.1
Project("{FAE04EC0-301F-11D3-BF4B-00C04F79EFBC}") = "Stencil.Website", "Stencil.Website\Stencil.Website.csproj", "{85D0F8FD-BF8D-49E5-8184-D117436B316F}"
EndProject
Project("{FAE04EC0-301F-11D3-BF4B-00C04F79EFBC}") = "Stencil.Backing", "Stencil.Backing\Stencil.Backing.csproj", "{227C5C9A-62E2-4050-A952-C92568055EF3}"
EndProject
Project("{2150E333-8FDC-42A3-9474-1A3956D46DE8}") = "Presentation", "Presentation", "{5481EA6E-40B0-47A0-99F3-EA330EBE3B53}"
EndProject
Project("{2150E333-8FDC-42A3-9474-1A3956D46DE8}") = "Plugins", "Plugins", "{0390AEAB-CF3E-4D8D-BDF3-606066A7B557}"
EndProject
Project("{2150E333-8FDC-42A3-9474-1A3956D46DE8}") = "Infrastructure", "Infrastructure", "{1AB0F279-4988-4E49-A4C2-9107B60356F8}"
EndProject
Project("{2150E333-8FDC-42A3-9474-1A3956D46DE8}") = "Common", "Common", "{8FAF1E02-72E0-47C2-A56A-F2563021EA5D}"
EndProject
Project("{2150E333-8FDC-42A3-9474-1A3956D46DE8}") = "SDK", "SDK", "{75FB38CB-3D42-4FCF-85EE-5F17016D1B26}"
EndProject
Project("{FAE04EC0-301F-11D3-BF4B-00C04F79EFBC}") = "Stencil.Common", "Stencil.Common\Stencil.Common.csproj", "{C2EE0D22-4BE4-4DDE-9F19-997644057D0D}"
EndProject
Project("{FAE04EC0-301F-11D3-BF4B-00C04F79EFBC}") = "Stencil.Primary", "Stencil.Primary\Stencil.Primary.csproj", "{85B98E1E-D38B-46F3-B3DC-E5B601716C40}"
EndProject
Project("{FAE04EC0-301F-11D3-BF4B-00C04F79EFBC}") = "Stencil.Domain", "Stencil.Domain\Stencil.Domain.csproj", "{58571501-28B4-4DDA-8A63-FC1A4B08F5E3}"
EndProject
Project("{FAE04EC0-301F-11D3-BF4B-00C04F79EFBC}") = "Stencil.Web", "Stencil.Web\Stencil.Web.csproj", "{AF7B1554-F0CD-4C6B-BAF1-4CE41DC12F0A}"
EndProject
Project("{FAE04EC0-301F-11D3-BF4B-00C04F79EFBC}") = "Stencil.Data.Sql", "Stencil.Data.Sql\Stencil.Data.Sql.csproj", "{4C4BB6D3-479C-4CA1-A5E0-6F3A7D5F1FBA}"
EndProject
Project("{FAE04EC0-301F-11D3-BF4B-00C04F79EFBC}") = "Stencil.SDK.Web", "Stencil.SDK.Web\Stencil.SDK.Web.csproj", "{830D32C3-3A93-4525-8B7E-760A39FBEA30}"
EndProject
Project("{FAE04EC0-301F-11D3-BF4B-00C04F79EFBC}") = "Stencil.SDK.Windows", "Stencil.SDK.Windows\Stencil.SDK.Windows.csproj", "{09E84254-B519-4DAC-B02D-D8CAA97FD4B9}"
EndProject
Project("{D954291E-2A0B-460D-934E-DC6B0785DB48}") = "Stencil.SDK.Shared", "Stencil.SDK.Shared\Stencil.SDK.Shared.shproj", "{CE7B5AAE-DA60-4A11-9C88-D8CC37F5AB69}"
EndProject
Project("{FAE04EC0-301F-11D3-BF4B-00C04F79EFBC}") = "Stencil.Plugins.SystemMonitor", "Plugins\Stencil.Plugins.SystemMonitor\Stencil.Plugins.SystemMonitor.csproj", "{A7258007-638E-4E2B-BE58-83B422F5379C}"
EndProject
Project("{FAE04EC0-301F-11D3-BF4B-00C04F79EFBC}") = "Stencil.Plugins.RestAPI", "Plugins\Stencil.Plugins.RestApi\Stencil.Plugins.RestAPI.csproj", "{739A28DC-EE3A-4BA3-A4B4-E5EAB45DEF1D}"
EndProject
Project("{FAE04EC0-301F-11D3-BF4B-00C04F79EFBC}") = "Stencil.Plugins.Email", "Plugins\Stencil.Plugins.Email\Stencil.Plugins.Email.csproj", "{6AE2CE99-CD92-42D1-9C1D-5BBD5053C591}"
EndProject
Project("{FAE04EC0-301F-11D3-BF4B-00C04F79EFBC}") = "Stencil.Plugins.ElasticSync", "Plugins\Stencil.Plugins.ElasticSync\Stencil.Plugins.ElasticSync.csproj", "{FB4AE534-1DF5-45D3-9C89-FF4EBF4F5172}"
EndProject
Project("{FAE04EC0-301F-11D3-BF4B-00C04F79EFBC}") = "Stencil.Plugins.AzurePush", "Plugins\Stencil.Plugins.AzurePush\Stencil.Plugins.AzurePush.csproj", "{DF6BD0D9-E199-43FD-94E6-D3A4CCAD77B2}"
EndProject
Project("{FAE04EC0-301F-11D3-BF4B-00C04F79EFBC}") = "Stencil.Plugins.Amazon", "Plugins\Stencil.Plugins.Amazon\Stencil.Plugins.Amazon.csproj", "{7552B994-8754-4CEE-B8D2-609263716036}"
EndProject
Global
	GlobalSection(SharedMSBuildProjectFiles) = preSolution
		Stencil.SDK.Shared\Stencil.SDK.Shared.projitems*{09e84254-b519-4dac-b02d-d8caa97fd4b9}*SharedItemsImports = 4
		Stencil.SDK.Shared\Stencil.SDK.Shared.projitems*{830d32c3-3a93-4525-8b7e-760a39fbea30}*SharedItemsImports = 4
		Stencil.SDK.Shared\Stencil.SDK.Shared.projitems*{ce7b5aae-da60-4a11-9c88-d8cc37f5ab69}*SharedItemsImports = 13
	EndGlobalSection
	GlobalSection(SolutionConfigurationPlatforms) = preSolution
		Debug|Any CPU = Debug|Any CPU
		Release|Any CPU = Release|Any CPU
	EndGlobalSection
	GlobalSection(ProjectConfigurationPlatforms) = postSolution
		{85D0F8FD-BF8D-49E5-8184-D117436B316F}.Debug|Any CPU.ActiveCfg = Debug|Any CPU
		{85D0F8FD-BF8D-49E5-8184-D117436B316F}.Debug|Any CPU.Build.0 = Debug|Any CPU
		{85D0F8FD-BF8D-49E5-8184-D117436B316F}.Release|Any CPU.ActiveCfg = Release|Any CPU
		{85D0F8FD-BF8D-49E5-8184-D117436B316F}.Release|Any CPU.Build.0 = Release|Any CPU
		{227C5C9A-62E2-4050-A952-C92568055EF3}.Debug|Any CPU.ActiveCfg = Debug|Any CPU
		{227C5C9A-62E2-4050-A952-C92568055EF3}.Debug|Any CPU.Build.0 = Debug|Any CPU
		{227C5C9A-62E2-4050-A952-C92568055EF3}.Release|Any CPU.ActiveCfg = Release|Any CPU
		{227C5C9A-62E2-4050-A952-C92568055EF3}.Release|Any CPU.Build.0 = Release|Any CPU
		{C2EE0D22-4BE4-4DDE-9F19-997644057D0D}.Debug|Any CPU.ActiveCfg = Debug|Any CPU
		{C2EE0D22-4BE4-4DDE-9F19-997644057D0D}.Debug|Any CPU.Build.0 = Debug|Any CPU
		{C2EE0D22-4BE4-4DDE-9F19-997644057D0D}.Release|Any CPU.ActiveCfg = Release|Any CPU
		{C2EE0D22-4BE4-4DDE-9F19-997644057D0D}.Release|Any CPU.Build.0 = Release|Any CPU
		{85B98E1E-D38B-46F3-B3DC-E5B601716C40}.Debug|Any CPU.ActiveCfg = Debug|Any CPU
		{85B98E1E-D38B-46F3-B3DC-E5B601716C40}.Debug|Any CPU.Build.0 = Debug|Any CPU
		{85B98E1E-D38B-46F3-B3DC-E5B601716C40}.Release|Any CPU.ActiveCfg = Release|Any CPU
		{85B98E1E-D38B-46F3-B3DC-E5B601716C40}.Release|Any CPU.Build.0 = Release|Any CPU
		{58571501-28B4-4DDA-8A63-FC1A4B08F5E3}.Debug|Any CPU.ActiveCfg = Debug|Any CPU
		{58571501-28B4-4DDA-8A63-FC1A4B08F5E3}.Debug|Any CPU.Build.0 = Debug|Any CPU
		{58571501-28B4-4DDA-8A63-FC1A4B08F5E3}.Release|Any CPU.ActiveCfg = Release|Any CPU
		{58571501-28B4-4DDA-8A63-FC1A4B08F5E3}.Release|Any CPU.Build.0 = Release|Any CPU
		{AF7B1554-F0CD-4C6B-BAF1-4CE41DC12F0A}.Debug|Any CPU.ActiveCfg = Debug|Any CPU
		{AF7B1554-F0CD-4C6B-BAF1-4CE41DC12F0A}.Debug|Any CPU.Build.0 = Debug|Any CPU
		{AF7B1554-F0CD-4C6B-BAF1-4CE41DC12F0A}.Release|Any CPU.ActiveCfg = Release|Any CPU
		{AF7B1554-F0CD-4C6B-BAF1-4CE41DC12F0A}.Release|Any CPU.Build.0 = Release|Any CPU
		{4C4BB6D3-479C-4CA1-A5E0-6F3A7D5F1FBA}.Debug|Any CPU.ActiveCfg = Debug|Any CPU
		{4C4BB6D3-479C-4CA1-A5E0-6F3A7D5F1FBA}.Debug|Any CPU.Build.0 = Debug|Any CPU
		{4C4BB6D3-479C-4CA1-A5E0-6F3A7D5F1FBA}.Release|Any CPU.ActiveCfg = Release|Any CPU
		{4C4BB6D3-479C-4CA1-A5E0-6F3A7D5F1FBA}.Release|Any CPU.Build.0 = Release|Any CPU
		{830D32C3-3A93-4525-8B7E-760A39FBEA30}.Debug|Any CPU.ActiveCfg = Debug|Any CPU
		{830D32C3-3A93-4525-8B7E-760A39FBEA30}.Debug|Any CPU.Build.0 = Debug|Any CPU
		{830D32C3-3A93-4525-8B7E-760A39FBEA30}.Release|Any CPU.ActiveCfg = Release|Any CPU
		{830D32C3-3A93-4525-8B7E-760A39FBEA30}.Release|Any CPU.Build.0 = Release|Any CPU
		{09E84254-B519-4DAC-B02D-D8CAA97FD4B9}.Debug|Any CPU.ActiveCfg = Debug|Any CPU
		{09E84254-B519-4DAC-B02D-D8CAA97FD4B9}.Debug|Any CPU.Build.0 = Debug|Any CPU
		{09E84254-B519-4DAC-B02D-D8CAA97FD4B9}.Release|Any CPU.ActiveCfg = Release|Any CPU
		{09E84254-B519-4DAC-B02D-D8CAA97FD4B9}.Release|Any CPU.Build.0 = Release|Any CPU
		{A7258007-638E-4E2B-BE58-83B422F5379C}.Debug|Any CPU.ActiveCfg = Debug|Any CPU
		{A7258007-638E-4E2B-BE58-83B422F5379C}.Debug|Any CPU.Build.0 = Debug|Any CPU
		{A7258007-638E-4E2B-BE58-83B422F5379C}.Release|Any CPU.ActiveCfg = Release|Any CPU
		{A7258007-638E-4E2B-BE58-83B422F5379C}.Release|Any CPU.Build.0 = Release|Any CPU
		{739A28DC-EE3A-4BA3-A4B4-E5EAB45DEF1D}.Debug|Any CPU.ActiveCfg = Debug|Any CPU
		{739A28DC-EE3A-4BA3-A4B4-E5EAB45DEF1D}.Debug|Any CPU.Build.0 = Debug|Any CPU
		{739A28DC-EE3A-4BA3-A4B4-E5EAB45DEF1D}.Release|Any CPU.ActiveCfg = Release|Any CPU
		{739A28DC-EE3A-4BA3-A4B4-E5EAB45DEF1D}.Release|Any CPU.Build.0 = Release|Any CPU
		{6AE2CE99-CD92-42D1-9C1D-5BBD5053C591}.Debug|Any CPU.ActiveCfg = Debug|Any CPU
		{6AE2CE99-CD92-42D1-9C1D-5BBD5053C591}.Debug|Any CPU.Build.0 = Debug|Any CPU
		{6AE2CE99-CD92-42D1-9C1D-5BBD5053C591}.Release|Any CPU.ActiveCfg = Release|Any CPU
		{6AE2CE99-CD92-42D1-9C1D-5BBD5053C591}.Release|Any CPU.Build.0 = Release|Any CPU
		{FB4AE534-1DF5-45D3-9C89-FF4EBF4F5172}.Debug|Any CPU.ActiveCfg = Debug|Any CPU
		{FB4AE534-1DF5-45D3-9C89-FF4EBF4F5172}.Debug|Any CPU.Build.0 = Debug|Any CPU
		{FB4AE534-1DF5-45D3-9C89-FF4EBF4F5172}.Release|Any CPU.ActiveCfg = Release|Any CPU
		{FB4AE534-1DF5-45D3-9C89-FF4EBF4F5172}.Release|Any CPU.Build.0 = Release|Any CPU
		{DF6BD0D9-E199-43FD-94E6-D3A4CCAD77B2}.Debug|Any CPU.ActiveCfg = Debug|Any CPU
		{DF6BD0D9-E199-43FD-94E6-D3A4CCAD77B2}.Debug|Any CPU.Build.0 = Debug|Any CPU
		{DF6BD0D9-E199-43FD-94E6-D3A4CCAD77B2}.Release|Any CPU.ActiveCfg = Release|Any CPU
		{DF6BD0D9-E199-43FD-94E6-D3A4CCAD77B2}.Release|Any CPU.Build.0 = Release|Any CPU
		{7552B994-8754-4CEE-B8D2-609263716036}.Debug|Any CPU.ActiveCfg = Debug|Any CPU
		{7552B994-8754-4CEE-B8D2-609263716036}.Debug|Any CPU.Build.0 = Debug|Any CPU
		{7552B994-8754-4CEE-B8D2-609263716036}.Release|Any CPU.ActiveCfg = Release|Any CPU
		{7552B994-8754-4CEE-B8D2-609263716036}.Release|Any CPU.Build.0 = Release|Any CPU
	EndGlobalSection
	GlobalSection(SolutionProperties) = preSolution
		HideSolutionNode = FALSE
	EndGlobalSection
	GlobalSection(NestedProjects) = preSolution
		{85D0F8FD-BF8D-49E5-8184-D117436B316F} = {5481EA6E-40B0-47A0-99F3-EA330EBE3B53}
		{227C5C9A-62E2-4050-A952-C92568055EF3} = {5481EA6E-40B0-47A0-99F3-EA330EBE3B53}
		{C2EE0D22-4BE4-4DDE-9F19-997644057D0D} = {8FAF1E02-72E0-47C2-A56A-F2563021EA5D}
		{85B98E1E-D38B-46F3-B3DC-E5B601716C40} = {1AB0F279-4988-4E49-A4C2-9107B60356F8}
		{58571501-28B4-4DDA-8A63-FC1A4B08F5E3} = {1AB0F279-4988-4E49-A4C2-9107B60356F8}
		{AF7B1554-F0CD-4C6B-BAF1-4CE41DC12F0A} = {1AB0F279-4988-4E49-A4C2-9107B60356F8}
		{4C4BB6D3-479C-4CA1-A5E0-6F3A7D5F1FBA} = {1AB0F279-4988-4E49-A4C2-9107B60356F8}
		{830D32C3-3A93-4525-8B7E-760A39FBEA30} = {75FB38CB-3D42-4FCF-85EE-5F17016D1B26}
		{09E84254-B519-4DAC-B02D-D8CAA97FD4B9} = {75FB38CB-3D42-4FCF-85EE-5F17016D1B26}
		{CE7B5AAE-DA60-4A11-9C88-D8CC37F5AB69} = {75FB38CB-3D42-4FCF-85EE-5F17016D1B26}
		{A7258007-638E-4E2B-BE58-83B422F5379C} = {0390AEAB-CF3E-4D8D-BDF3-606066A7B557}
		{739A28DC-EE3A-4BA3-A4B4-E5EAB45DEF1D} = {0390AEAB-CF3E-4D8D-BDF3-606066A7B557}
		{6AE2CE99-CD92-42D1-9C1D-5BBD5053C591} = {0390AEAB-CF3E-4D8D-BDF3-606066A7B557}
		{FB4AE534-1DF5-45D3-9C89-FF4EBF4F5172} = {0390AEAB-CF3E-4D8D-BDF3-606066A7B557}
		{DF6BD0D9-E199-43FD-94E6-D3A4CCAD77B2} = {0390AEAB-CF3E-4D8D-BDF3-606066A7B557}
		{7552B994-8754-4CEE-B8D2-609263716036} = {0390AEAB-CF3E-4D8D-BDF3-606066A7B557}
	EndGlobalSection
EndGlobal
